NeoBundleLock TweetVim 3cedd9680baf5a8a0d233dda2b3a83775290e9b9
NeoBundleLock bitly.vim cef05fe8b905e99c5746d8d6348e211d71f30064
NeoBundleLock lightline.vim a9c74efa36c31f1fdf2eab94781eacfa5d08b8b7
NeoBundleLock neobundle.vim 6bf4fa1cf3cebfed76f5e300949faef0b78fbfbc
NeoBundleLock neocomplete.vim 81d39635625730ca43f08762e2908b96e7b7f077
NeoBundleLock nerdtree 35c859179da4ad4f96eb8255e428904436a0b4b4
NeoBundleLock open-browser.vim e2bfabfc758351ee3087d4c697d1953660d943ee
NeoBundleLock seiya.vim d2406e8b52b8df7ac0e40ef8f5f01cf105e15c0c
NeoBundleLock twibill.vim a1ef62a2d0800d53838a981410b41a73150e1b74
NeoBundleLock unite-outline 962aaa61d5585634c15c3a7071df7c6a12c5e3cd
NeoBundleLock unite.vim 7ae5ee37578349c32d542d3d43f053455b72daf4
NeoBundleLock vim-autoclose a9a3b7384657bc1f60a963fd6c08c63fc48d61c3
NeoBundleLock vim-clang 739c9d4103adaaf64be5f27d1cf7c792c3bc9887
NeoBundleLock vim-endwise 0067ceda37725d01b7bd5bf249d63b1b5d4e2ab4
NeoBundleLock vim-submode d44a302b3ca97c8014c35c93893ca8fec0b95e4e
NeoBundleLock vimproc 0ff17bc0725cd0323df87664fa02b1436349f667
NeoBundleLock vimshell bdcd197b701734a743903c7547e9f56842701614
NeoBundleLock webapi-vim 50f1b7daa16449b36833469e665ef14b1abfb5a0
